
Microsoft Visual Studio Solution File, Format Version 12.00
# Visual Studio Version 17
VisualStudioVersion = 17.14.36301.6 d17.14
MinimumVisualStudioVersion = 10.0.40219.1
Project("{FAE04EC0-301F-11D3-BF4B-00C04F79EFBC}") = "VariaveisETipos", "VariaveisETipos\VariaveisETipos.csproj", "{6EDAD3C2-413A-469F-86A4-744E28528EEB}"
EndProject
Project("{FAE04EC0-301F-11D3-BF4B-00C04F79EFBC}") = "ConversoesDeTipos", "ConversoesDeTipos\ConversoesDeTipos.csproj", "{23E5EF48-18DD-46A5-838B-55206A106314}"
EndProject
Project("{FAE04EC0-301F-11D3-BF4B-00C04F79EFBC}") = "Atividades", "Atividades\Atividades.csproj", "{12C4B194-E78E-4499-8F67-C65F11D76DB9}"
EndProject
Project("{FAE04EC0-301F-11D3-BF4B-00C04F79EFBC}") = "Atividades-2", "Atividades-2\Atividades-2.csproj", "{83848B46-8E6A-4B5B-B1F5-05B1C1E18CB6}"
EndProject
Project("{FAE04EC0-301F-11D3-BF4B-00C04F79EFBC}") = "Atividades-3", "Atividades-3\Atividades-3.csproj", "{163E0914-AEA0-403A-ABD6-B3E717369EF4}"
EndProject
Project("{FAE04EC0-301F-11D3-BF4B-00C04F79EFBC}") = "Atividades-4", "Atividades-4\Atividades-4.csproj", "{FE1A5BD8-349A-4FA7-9C5F-288E7777D48B}"
EndProject
Project("{FAE04EC0-301F-11D3-BF4B-00C04F79EFBC}") = "Condicionais", "Condicionais\Condicionais.csproj", "{CF19ACA4-2810-464C-BF36-47A1C33CB7B6}"
EndProject
Project("{FAE04EC0-301F-11D3-BF4B-00C04F79EFBC}") = "SwitchCase", "SwitchCase\SwitchCase.csproj", "{FADF665A-9AD1-449E-B856-206B9D67603D}"
EndProject
Project("{FAE04EC0-301F-11D3-BF4B-00C04F79EFBC}") = "Atividades-5", "Atividades-5\Atividades-5.csproj", "{8DF442B5-D9E6-441A-AFA0-B26F038CF106}"
EndProject
Project("{FAE04EC0-301F-11D3-BF4B-00C04F79EFBC}") = "Atividades-6", "Atividades-6\Atividades-6.csproj", "{6337B787-03D9-48C9-BAAA-E712EEE589C4}"
EndProject
Global
	GlobalSection(SolutionConfigurationPlatforms) = preSolution
		Debug|Any CPU = Debug|Any CPU
		Release|Any CPU = Release|Any CPU
	EndGlobalSection
	GlobalSection(ProjectConfigurationPlatforms) = postSolution
		{6EDAD3C2-413A-469F-86A4-744E28528EEB}.Debug|Any CPU.ActiveCfg = Debug|Any CPU
		{6EDAD3C2-413A-469F-86A4-744E28528EEB}.Debug|Any CPU.Build.0 = Debug|Any CPU
		{6EDAD3C2-413A-469F-86A4-744E28528EEB}.Release|Any CPU.ActiveCfg = Release|Any CPU
		{6EDAD3C2-413A-469F-86A4-744E28528EEB}.Release|Any CPU.Build.0 = Release|Any CPU
		{23E5EF48-18DD-46A5-838B-55206A106314}.Debug|Any CPU.ActiveCfg = Debug|Any CPU
		{23E5EF48-18DD-46A5-838B-55206A106314}.Debug|Any CPU.Build.0 = Debug|Any CPU
		{23E5EF48-18DD-46A5-838B-55206A106314}.Release|Any CPU.ActiveCfg = Release|Any CPU
		{23E5EF48-18DD-46A5-838B-55206A106314}.Release|Any CPU.Build.0 = Release|Any CPU
		{12C4B194-E78E-4499-8F67-C65F11D76DB9}.Debug|Any CPU.ActiveCfg = Debug|Any CPU
		{12C4B194-E78E-4499-8F67-C65F11D76DB9}.Debug|Any CPU.Build.0 = Debug|Any CPU
		{12C4B194-E78E-4499-8F67-C65F11D76DB9}.Release|Any CPU.ActiveCfg = Release|Any CPU
		{12C4B194-E78E-4499-8F67-C65F11D76DB9}.Release|Any CPU.Build.0 = Release|Any CPU
		{83848B46-8E6A-4B5B-B1F5-05B1C1E18CB6}.Debug|Any CPU.ActiveCfg = Debug|Any CPU
		{83848B46-8E6A-4B5B-B1F5-05B1C1E18CB6}.Debug|Any CPU.Build.0 = Debug|Any CPU
		{83848B46-8E6A-4B5B-B1F5-05B1C1E18CB6}.Release|Any CPU.ActiveCfg = Release|Any CPU
		{83848B46-8E6A-4B5B-B1F5-05B1C1E18CB6}.Release|Any CPU.Build.0 = Release|Any CPU
		{163E0914-AEA0-403A-ABD6-B3E717369EF4}.Debug|Any CPU.ActiveCfg = Debug|Any CPU
		{163E0914-AEA0-403A-ABD6-B3E717369EF4}.Debug|Any CPU.Build.0 = Debug|Any CPU
		{163E0914-AEA0-403A-ABD6-B3E717369EF4}.Release|Any CPU.ActiveCfg = Release|Any CPU
		{163E0914-AEA0-403A-ABD6-B3E717369EF4}.Release|Any CPU.Build.0 = Release|Any CPU
		{FE1A5BD8-349A-4FA7-9C5F-288E7777D48B}.Debug|Any CPU.ActiveCfg = Debug|Any CPU
		{FE1A5BD8-349A-4FA7-9C5F-288E7777D48B}.Debug|Any CPU.Build.0 = Debug|Any CPU
		{FE1A5BD8-349A-4FA7-9C5F-288E7777D48B}.Release|Any CPU.ActiveCfg = Release|Any CPU
		{FE1A5BD8-349A-4FA7-9C5F-288E7777D48B}.Release|Any CPU.Build.0 = Release|Any CPU
		{CF19ACA4-2810-464C-BF36-47A1C33CB7B6}.Debug|Any CPU.ActiveCfg = Debug|Any CPU
		{CF19ACA4-2810-464C-BF36-47A1C33CB7B6}.Debug|Any CPU.Build.0 = Debug|Any CPU
		{CF19ACA4-2810-464C-BF36-47A1C33CB7B6}.Release|Any CPU.ActiveCfg = Release|Any CPU
		{CF19ACA4-2810-464C-BF36-47A1C33CB7B6}.Release|Any CPU.Build.0 = Release|Any CPU
		{FADF665A-9AD1-449E-B856-206B9D67603D}.Debug|Any CPU.ActiveCfg = Debug|Any CPU
		{FADF665A-9AD1-449E-B856-206B9D67603D}.Debug|Any CPU.Build.0 = Debug|Any CPU
		{FADF665A-9AD1-449E-B856-206B9D67603D}.Release|Any CPU.ActiveCfg = Release|Any CPU
		{FADF665A-9AD1-449E-B856-206B9D67603D}.Release|Any CPU.Build.0 = Release|Any CPU
		{8DF442B5-D9E6-441A-AFA0-B26F038CF106}.Debug|Any CPU.ActiveCfg = Debug|Any CPU
		{8DF442B5-D9E6-441A-AFA0-B26F038CF106}.Debug|Any CPU.Build.0 = Debug|Any CPU
		{8DF442B5-D9E6-441A-AFA0-B26F038CF106}.Release|Any CPU.ActiveCfg = Release|Any CPU
		{8DF442B5-D9E6-441A-AFA0-B26F038CF106}.Release|Any CPU.Build.0 = Release|Any CPU
		{6337B787-03D9-48C9-BAAA-E712EEE589C4}.Debug|Any CPU.ActiveCfg = Debug|Any CPU
		{6337B787-03D9-48C9-BAAA-E712EEE589C4}.Debug|Any CPU.Build.0 = Debug|Any CPU
		{6337B787-03D9-48C9-BAAA-E712EEE589C4}.Release|Any CPU.ActiveCfg = Release|Any CPU
		{6337B787-03D9-48C9-BAAA-E712EEE589C4}.Release|Any CPU.Build.0 = Release|Any CPU
	EndGlobalSection
	GlobalSection(SolutionProperties) = preSolution
		HideSolutionNode = FALSE
	EndGlobalSection
	GlobalSection(ExtensibilityGlobals) = postSolution
		SolutionGuid = {DE2B443D-F945-46A8-A7F3-D4C095E01728}
	EndGlobalSection
EndGlobal
