
Microsoft Visual Studio Solution File, Format Version 12.00
# Visual Studio Version 17
VisualStudioVersion = 17.14.36301.6 d17.14
MinimumVisualStudioVersion = 10.0.40219.1
Project("{FAE04EC0-301F-11D3-BF4B-00C04F79EFBC}") = "VariaveisETipos", "VariaveisETipos\VariaveisETipos.csproj", "{6EDAD3C2-413A-469F-86A4-744E28528EEB}"
EndProject
Project("{FAE04EC0-301F-11D3-BF4B-00C04F79EFBC}") = "ConversoesDeTipos", "ConversoesDeTipos\ConversoesDeTipos.csproj", "{23E5EF48-18DD-46A5-838B-55206A106314}"
EndProject
Project("{FAE04EC0-301F-11D3-BF4B-00C04F79EFBC}") = "Atividades", "Atividades\Atividades.csproj", "{12C4B194-E78E-4499-8F67-C65F11D76DB9}"
EndProject
Project("{FAE04EC0-301F-11D3-BF4B-00C04F79EFBC}") = "Atividades-2", "Atividades-2\Atividades-2.csproj", "{83848B46-8E6A-4B5B-B1F5-05B1C1E18CB6}"
EndProject
Project("{FAE04EC0-301F-11D3-BF4B-00C04F79EFBC}") = "Atividades-3", "Atividades-3\Atividades-3.csproj", "{163E0914-AEA0-403A-ABD6-B3E717369EF4}"
EndProject
Project("{FAE04EC0-301F-11D3-BF4B-00C04F79EFBC}") = "Atividades-4", "Atividades-4\Atividades-4.csproj", "{FE1A5BD8-349A-4FA7-9C5F-288E7777D48B}"
EndProject
Project("{FAE04EC0-301F-11D3-BF4B-00C04F79EFBC}") = "Condicionais", "Condicionais\Condicionais.csproj", "{CF19ACA4-2810-464C-BF36-47A1C33CB7B6}"
EndProject
Project("{FAE04EC0-301F-11D3-BF4B-00C04F79EFBC}") = "SwitchCase", "SwitchCase\SwitchCase.csproj", "{FADF665A-9AD1-449E-B856-206B9D67603D}"
EndProject
Project("{FAE04EC0-301F-11D3-BF4B-00C04F79EFBC}") = "Atividades-5", "Atividades-5\Atividades-5.csproj", "{8DF442B5-D9E6-441A-AFA0-B26F038CF106}"
EndProject
Project("{FAE04EC0-301F-11D3-BF4B-00C04F79EFBC}") = "Atividades-6", "Atividades-6\Atividades-6.csproj", "{6337B787-03D9-48C9-BAAA-E712EEE589C4}"
EndProject
Project("{FAE04EC0-301F-11D3-BF4B-00C04F79EFBC}") = "Atividades-7", "Atividades-7\Atividades-7.csproj", "{963F8CE5-5D89-4A22-B7B9-E3ECD4605E49}"
EndProject
Project("{FAE04EC0-301F-11D3-BF4B-00C04F79EFBC}") = "Atividades-8", "Atividades-8\Atividades-8.csproj", "{D0809450-6F4D-47C9-A9A0-ED9C471CD238}"
EndProject
Project("{FAE04EC0-301F-11D3-BF4B-00C04F79EFBC}") = "Atividades-9", "Atividades-9\Atividades-9.csproj", "{3B160F16-80C7-4403-8A58-E36735FB4F40}"
EndProject
Project("{FAE04EC0-301F-11D3-BF4B-00C04F79EFBC}") = "LacoDeRepeticaoWhile", "LacoDeRepeticaoWhile\LacoDeRepeticaoWhile.csproj", "{3A5C6752-29E1-4098-98D5-F82C61F36B35}"
EndProject
Project("{FAE04EC0-301F-11D3-BF4B-00C04F79EFBC}") = "LacosDeRepeticaoDoWhile", "LacosDeRepeticaoDoWhile\LacosDeRepeticaoDoWhile.csproj", "{CA958C9C-E78F-4495-9490-3DACD4074EAC}"
EndProject
Project("{FAE04EC0-301F-11D3-BF4B-00C04F79EFBC}") = "Atividades-10", "Atividades-10\Atividades-10.csproj", "{1A316049-6419-4D06-9527-9D4332C0C744}"
EndProject
Project("{FAE04EC0-301F-11D3-BF4B-00C04F79EFBC}") = "Atividades-11", "Atividades-11\Atividades-11.csproj", "{5F24FE6E-4F23-4B34-BA63-B1A321787E02}"
EndProject
Project("{FAE04EC0-301F-11D3-BF4B-00C04F79EFBC}") = "LacosDeRepeticaoFor", "LacosDeRepeticaoFor\LacosDeRepeticaoFor.csproj", "{0BE778E0-3932-412F-9615-CD224D3A6AFB}"
EndProject
Project("{FAE04EC0-301F-11D3-BF4B-00C04F79EFBC}") = "LacosDeRepeticaoForeach", "LacosDeRepeticaoForeach\LacosDeRepeticaoForeach.csproj", "{8DB5E441-F2B7-4D10-9309-0843F28EBC70}"
EndProject
Project("{FAE04EC0-301F-11D3-BF4B-00C04F79EFBC}") = "Atividades-12", "Atividades-12\Atividades-12.csproj", "{C5832A4B-77F5-4C5A-BED3-E353E98141DC}"
EndProject
Project("{FAE04EC0-301F-11D3-BF4B-00C04F79EFBC}") = "ColecoesArray", "ColecoesArray\ColecoesArray.csproj", "{2C9E2F3C-89C2-4D87-BE0E-AE7245C582CB}"
EndProject
Global
	GlobalSection(SolutionConfigurationPlatforms) = preSolution
		Debug|Any CPU = Debug|Any CPU
		Release|Any CPU = Release|Any CPU
	EndGlobalSection
	GlobalSection(ProjectConfigurationPlatforms) = postSolution
		{6EDAD3C2-413A-469F-86A4-744E28528EEB}.Debug|Any CPU.ActiveCfg = Debug|Any CPU
		{6EDAD3C2-413A-469F-86A4-744E28528EEB}.Debug|Any CPU.Build.0 = Debug|Any CPU
		{6EDAD3C2-413A-469F-86A4-744E28528EEB}.Release|Any CPU.ActiveCfg = Release|Any CPU
		{6EDAD3C2-413A-469F-86A4-744E28528EEB}.Release|Any CPU.Build.0 = Release|Any CPU
		{23E5EF48-18DD-46A5-838B-55206A106314}.Debug|Any CPU.ActiveCfg = Debug|Any CPU
		{23E5EF48-18DD-46A5-838B-55206A106314}.Debug|Any CPU.Build.0 = Debug|Any CPU
		{23E5EF48-18DD-46A5-838B-55206A106314}.Release|Any CPU.ActiveCfg = Release|Any CPU
		{23E5EF48-18DD-46A5-838B-55206A106314}.Release|Any CPU.Build.0 = Release|Any CPU
		{12C4B194-E78E-4499-8F67-C65F11D76DB9}.Debug|Any CPU.ActiveCfg = Debug|Any CPU
		{12C4B194-E78E-4499-8F67-C65F11D76DB9}.Debug|Any CPU.Build.0 = Debug|Any CPU
		{12C4B194-E78E-4499-8F67-C65F11D76DB9}.Release|Any CPU.ActiveCfg = Release|Any CPU
		{12C4B194-E78E-4499-8F67-C65F11D76DB9}.Release|Any CPU.Build.0 = Release|Any CPU
		{83848B46-8E6A-4B5B-B1F5-05B1C1E18CB6}.Debug|Any CPU.ActiveCfg = Debug|Any CPU
		{83848B46-8E6A-4B5B-B1F5-05B1C1E18CB6}.Debug|Any CPU.Build.0 = Debug|Any CPU
		{83848B46-8E6A-4B5B-B1F5-05B1C1E18CB6}.Release|Any CPU.ActiveCfg = Release|Any CPU
		{83848B46-8E6A-4B5B-B1F5-05B1C1E18CB6}.Release|Any CPU.Build.0 = Release|Any CPU
		{163E0914-AEA0-403A-ABD6-B3E717369EF4}.Debug|Any CPU.ActiveCfg = Debug|Any CPU
		{163E0914-AEA0-403A-ABD6-B3E717369EF4}.Debug|Any CPU.Build.0 = Debug|Any CPU
		{163E0914-AEA0-403A-ABD6-B3E717369EF4}.Release|Any CPU.ActiveCfg = Release|Any CPU
		{163E0914-AEA0-403A-ABD6-B3E717369EF4}.Release|Any CPU.Build.0 = Release|Any CPU
		{FE1A5BD8-349A-4FA7-9C5F-288E7777D48B}.Debug|Any CPU.ActiveCfg = Debug|Any CPU
		{FE1A5BD8-349A-4FA7-9C5F-288E7777D48B}.Debug|Any CPU.Build.0 = Debug|Any CPU
		{FE1A5BD8-349A-4FA7-9C5F-288E7777D48B}.Release|Any CPU.ActiveCfg = Release|Any CPU
		{FE1A5BD8-349A-4FA7-9C5F-288E7777D48B}.Release|Any CPU.Build.0 = Release|Any CPU
		{CF19ACA4-2810-464C-BF36-47A1C33CB7B6}.Debug|Any CPU.ActiveCfg = Debug|Any CPU
		{CF19ACA4-2810-464C-BF36-47A1C33CB7B6}.Debug|Any CPU.Build.0 = Debug|Any CPU
		{CF19ACA4-2810-464C-BF36-47A1C33CB7B6}.Release|Any CPU.ActiveCfg = Release|Any CPU
		{CF19ACA4-2810-464C-BF36-47A1C33CB7B6}.Release|Any CPU.Build.0 = Release|Any CPU
		{FADF665A-9AD1-449E-B856-206B9D67603D}.Debug|Any CPU.ActiveCfg = Debug|Any CPU
		{FADF665A-9AD1-449E-B856-206B9D67603D}.Debug|Any CPU.Build.0 = Debug|Any CPU
		{FADF665A-9AD1-449E-B856-206B9D67603D}.Release|Any CPU.ActiveCfg = Release|Any CPU
		{FADF665A-9AD1-449E-B856-206B9D67603D}.Release|Any CPU.Build.0 = Release|Any CPU
		{8DF442B5-D9E6-441A-AFA0-B26F038CF106}.Debug|Any CPU.ActiveCfg = Debug|Any CPU
		{8DF442B5-D9E6-441A-AFA0-B26F038CF106}.Debug|Any CPU.Build.0 = Debug|Any CPU
		{8DF442B5-D9E6-441A-AFA0-B26F038CF106}.Release|Any CPU.ActiveCfg = Release|Any CPU
		{8DF442B5-D9E6-441A-AFA0-B26F038CF106}.Release|Any CPU.Build.0 = Release|Any CPU
		{6337B787-03D9-48C9-BAAA-E712EEE589C4}.Debug|Any CPU.ActiveCfg = Debug|Any CPU
		{6337B787-03D9-48C9-BAAA-E712EEE589C4}.Debug|Any CPU.Build.0 = Debug|Any CPU
		{6337B787-03D9-48C9-BAAA-E712EEE589C4}.Release|Any CPU.ActiveCfg = Release|Any CPU
		{6337B787-03D9-48C9-BAAA-E712EEE589C4}.Release|Any CPU.Build.0 = Release|Any CPU
		{963F8CE5-5D89-4A22-B7B9-E3ECD4605E49}.Debug|Any CPU.ActiveCfg = Debug|Any CPU
		{963F8CE5-5D89-4A22-B7B9-E3ECD4605E49}.Debug|Any CPU.Build.0 = Debug|Any CPU
		{963F8CE5-5D89-4A22-B7B9-E3ECD4605E49}.Release|Any CPU.ActiveCfg = Release|Any CPU
		{963F8CE5-5D89-4A22-B7B9-E3ECD4605E49}.Release|Any CPU.Build.0 = Release|Any CPU
		{D0809450-6F4D-47C9-A9A0-ED9C471CD238}.Debug|Any CPU.ActiveCfg = Debug|Any CPU
		{D0809450-6F4D-47C9-A9A0-ED9C471CD238}.Debug|Any CPU.Build.0 = Debug|Any CPU
		{D0809450-6F4D-47C9-A9A0-ED9C471CD238}.Release|Any CPU.ActiveCfg = Release|Any CPU
		{D0809450-6F4D-47C9-A9A0-ED9C471CD238}.Release|Any CPU.Build.0 = Release|Any CPU
		{3B160F16-80C7-4403-8A58-E36735FB4F40}.Debug|Any CPU.ActiveCfg = Debug|Any CPU
		{3B160F16-80C7-4403-8A58-E36735FB4F40}.Debug|Any CPU.Build.0 = Debug|Any CPU
		{3B160F16-80C7-4403-8A58-E36735FB4F40}.Release|Any CPU.ActiveCfg = Release|Any CPU
		{3B160F16-80C7-4403-8A58-E36735FB4F40}.Release|Any CPU.Build.0 = Release|Any CPU
		{3A5C6752-29E1-4098-98D5-F82C61F36B35}.Debug|Any CPU.ActiveCfg = Debug|Any CPU
		{3A5C6752-29E1-4098-98D5-F82C61F36B35}.Debug|Any CPU.Build.0 = Debug|Any CPU
		{3A5C6752-29E1-4098-98D5-F82C61F36B35}.Release|Any CPU.ActiveCfg = Release|Any CPU
		{3A5C6752-29E1-4098-98D5-F82C61F36B35}.Release|Any CPU.Build.0 = Release|Any CPU
		{CA958C9C-E78F-4495-9490-3DACD4074EAC}.Debug|Any CPU.ActiveCfg = Debug|Any CPU
		{CA958C9C-E78F-4495-9490-3DACD4074EAC}.Debug|Any CPU.Build.0 = Debug|Any CPU
		{CA958C9C-E78F-4495-9490-3DACD4074EAC}.Release|Any CPU.ActiveCfg = Release|Any CPU
		{CA958C9C-E78F-4495-9490-3DACD4074EAC}.Release|Any CPU.Build.0 = Release|Any CPU
		{1A316049-6419-4D06-9527-9D4332C0C744}.Debug|Any CPU.ActiveCfg = Debug|Any CPU
		{1A316049-6419-4D06-9527-9D4332C0C744}.Debug|Any CPU.Build.0 = Debug|Any CPU
		{1A316049-6419-4D06-9527-9D4332C0C744}.Release|Any CPU.ActiveCfg = Release|Any CPU
		{1A316049-6419-4D06-9527-9D4332C0C744}.Release|Any CPU.Build.0 = Release|Any CPU
		{5F24FE6E-4F23-4B34-BA63-B1A321787E02}.Debug|Any CPU.ActiveCfg = Debug|Any CPU
		{5F24FE6E-4F23-4B34-BA63-B1A321787E02}.Debug|Any CPU.Build.0 = Debug|Any CPU
		{5F24FE6E-4F23-4B34-BA63-B1A321787E02}.Release|Any CPU.ActiveCfg = Release|Any CPU
		{5F24FE6E-4F23-4B34-BA63-B1A321787E02}.Release|Any CPU.Build.0 = Release|Any CPU
		{0BE778E0-3932-412F-9615-CD224D3A6AFB}.Debug|Any CPU.ActiveCfg = Debug|Any CPU
		{0BE778E0-3932-412F-9615-CD224D3A6AFB}.Debug|Any CPU.Build.0 = Debug|Any CPU
		{0BE778E0-3932-412F-9615-CD224D3A6AFB}.Release|Any CPU.ActiveCfg = Release|Any CPU
		{0BE778E0-3932-412F-9615-CD224D3A6AFB}.Release|Any CPU.Build.0 = Release|Any CPU
		{8DB5E441-F2B7-4D10-9309-0843F28EBC70}.Debug|Any CPU.ActiveCfg = Debug|Any CPU
		{8DB5E441-F2B7-4D10-9309-0843F28EBC70}.Debug|Any CPU.Build.0 = Debug|Any CPU
		{8DB5E441-F2B7-4D10-9309-0843F28EBC70}.Release|Any CPU.ActiveCfg = Release|Any CPU
		{8DB5E441-F2B7-4D10-9309-0843F28EBC70}.Release|Any CPU.Build.0 = Release|Any CPU
		{C5832A4B-77F5-4C5A-BED3-E353E98141DC}.Debug|Any CPU.ActiveCfg = Debug|Any CPU
		{C5832A4B-77F5-4C5A-BED3-E353E98141DC}.Debug|Any CPU.Build.0 = Debug|Any CPU
		{C5832A4B-77F5-4C5A-BED3-E353E98141DC}.Release|Any CPU.ActiveCfg = Release|Any CPU
		{C5832A4B-77F5-4C5A-BED3-E353E98141DC}.Release|Any CPU.Build.0 = Release|Any CPU
		{2C9E2F3C-89C2-4D87-BE0E-AE7245C582CB}.Debug|Any CPU.ActiveCfg = Debug|Any CPU
		{2C9E2F3C-89C2-4D87-BE0E-AE7245C582CB}.Debug|Any CPU.Build.0 = Debug|Any CPU
		{2C9E2F3C-89C2-4D87-BE0E-AE7245C582CB}.Release|Any CPU.ActiveCfg = Release|Any CPU
		{2C9E2F3C-89C2-4D87-BE0E-AE7245C582CB}.Release|Any CPU.Build.0 = Release|Any CPU
	EndGlobalSection
	GlobalSection(SolutionProperties) = preSolution
		HideSolutionNode = FALSE
	EndGlobalSection
	GlobalSection(ExtensibilityGlobals) = postSolution
		SolutionGuid = {DE2B443D-F945-46A8-A7F3-D4C095E01728}
	EndGlobalSection
EndGlobal
